
Microsoft Visual Studio Solution File, Format Version 12.00
# Visual Studio 15
VisualStudioVersion = 15.0.27703.2000
MinimumVisualStudioVersion = 10.0.40219.1
Project("{FAE04EC0-301F-11D3-BF4B-00C04F79EFBC}") = "ProdutosWebAPI", "ProdutosWebAPI\ProdutosWebAPI.csproj", "{7A13389A-A797-4CEB-A933-F26192202F76}"
EndProject
Global
	GlobalSection(SolutionConfigurationPlatforms) = preSolution
		Debug|Any CPU = Debug|Any CPU
		Release|Any CPU = Release|Any CPU
	EndGlobalSection
	GlobalSection(ProjectConfigurationPlatforms) = postSolution
		{7A13389A-A797-4CEB-A933-F26192202F76}.Debug|Any CPU.ActiveCfg = Debug|Any CPU
		{7A13389A-A797-4CEB-A933-F26192202F76}.Debug|Any CPU.Build.0 = Debug|Any CPU
		{7A13389A-A797-4CEB-A933-F26192202F76}.Release|Any CPU.ActiveCfg = Release|Any CPU
		{7A13389A-A797-4CEB-A933-F26192202F76}.Release|Any CPU.Build.0 = Release|Any CPU
	EndGlobalSection
	GlobalSection(SolutionProperties) = preSolution
		HideSolutionNode = FALSE
	EndGlobalSection
	GlobalSection(ExtensibilityGlobals) = postSolution
		SolutionGuid = {5DF6D9FA-48A5-4D3B-A3B8-FE4FC6AD130C}
	EndGlobalSection
EndGlobal
